
Microsoft Visual Studio Solution File, Format Version 12.00
# Visual Studio 15
VisualStudioVersion = 15.0.27703.2042
MinimumVisualStudioVersion = 10.0.40219.1
Project("{FAE04EC0-301F-11D3-BF4B-00C04F79EFBC}") = "UrhoCustomObj.Android", "UrhoCustomObj\UrhoCustomObj.Android\UrhoCustomObj.Android.csproj", "{46D147E2-033D-4BB1-96CA-065730BF781E}"
EndProject
Project("{FAE04EC0-301F-11D3-BF4B-00C04F79EFBC}") = "UrhoCustomObj.iOS", "UrhoCustomObj\UrhoCustomObj.iOS\UrhoCustomObj.iOS.csproj", "{BD3A2ACC-6E1E-4622-9669-C91A918880EA}"
EndProject
Project("{FAE04EC0-301F-11D3-BF4B-00C04F79EFBC}") = "UrhoCustomObj.UWP", "UrhoCustomObj\UrhoCustomObj.UWP\UrhoCustomObj.UWP.csproj", "{1F5E5B87-C553-4935-9675-D6F93AA927B4}"
EndProject
Project("{FAE04EC0-301F-11D3-BF4B-00C04F79EFBC}") = "UrhoCustomObj", "UrhoCustomObj\UrhoCustomObj\UrhoCustomObj.csproj", "{A3E5854F-4CFB-4919-A059-937595DA66A5}"
EndProject
Global
	GlobalSection(SolutionConfigurationPlatforms) = preSolution
		Ad-Hoc|Any CPU = Ad-Hoc|Any CPU
		Ad-Hoc|ARM = Ad-Hoc|ARM
		Ad-Hoc|iPhone = Ad-Hoc|iPhone
		Ad-Hoc|iPhoneSimulator = Ad-Hoc|iPhoneSimulator
		Ad-Hoc|x64 = Ad-Hoc|x64
		Ad-Hoc|x86 = Ad-Hoc|x86
		AppStore|Any CPU = AppStore|Any CPU
		AppStore|ARM = AppStore|ARM
		AppStore|iPhone = AppStore|iPhone
		AppStore|iPhoneSimulator = AppStore|iPhoneSimulator
		AppStore|x64 = AppStore|x64
		AppStore|x86 = AppStore|x86
		Debug|Any CPU = Debug|Any CPU
		Debug|ARM = Debug|ARM
		Debug|iPhone = Debug|iPhone
		Debug|iPhoneSimulator = Debug|iPhoneSimulator
		Debug|x64 = Debug|x64
		Debug|x86 = Debug|x86
		Release|Any CPU = Release|Any CPU
		Release|ARM = Release|ARM
		Release|iPhone = Release|iPhone
		Release|iPhoneSimulator = Release|iPhoneSimulator
		Release|x64 = Release|x64
		Release|x86 = Release|x86
	EndGlobalSection
	GlobalSection(ProjectConfigurationPlatforms) = postSolution
		{46D147E2-033D-4BB1-96CA-065730BF781E}.Ad-Hoc|Any CPU.ActiveCfg = Release|Any CPU
		{46D147E2-033D-4BB1-96CA-065730BF781E}.Ad-Hoc|Any CPU.Build.0 = Release|Any CPU
		{46D147E2-033D-4BB1-96CA-065730BF781E}.Ad-Hoc|Any CPU.Deploy.0 = Release|Any CPU
		{46D147E2-033D-4BB1-96CA-065730BF781E}.Ad-Hoc|ARM.ActiveCfg = Release|Any CPU
		{46D147E2-033D-4BB1-96CA-065730BF781E}.Ad-Hoc|ARM.Build.0 = Release|Any CPU
		{46D147E2-033D-4BB1-96CA-065730BF781E}.Ad-Hoc|ARM.Deploy.0 = Release|Any CPU
		{46D147E2-033D-4BB1-96CA-065730BF781E}.Ad-Hoc|iPhone.ActiveCfg = Release|Any CPU
		{46D147E2-033D-4BB1-96CA-065730BF781E}.Ad-Hoc|iPhone.Build.0 = Release|Any CPU
		{46D147E2-033D-4BB1-96CA-065730BF781E}.Ad-Hoc|iPhone.Deploy.0 = Release|Any CPU
		{46D147E2-033D-4BB1-96CA-065730BF781E}.Ad-Hoc|iPhoneSimulator.ActiveCfg = Release|Any CPU
		{46D147E2-033D-4BB1-96CA-065730BF781E}.Ad-Hoc|iPhoneSimulator.Build.0 = Release|Any CPU
		{46D147E2-033D-4BB1-96CA-065730BF781E}.Ad-Hoc|iPhoneSimulator.Deploy.0 = Release|Any CPU
		{46D147E2-033D-4BB1-96CA-065730BF781E}.Ad-Hoc|x64.ActiveCfg = Release|Any CPU
		{46D147E2-033D-4BB1-96CA-065730BF781E}.Ad-Hoc|x64.Build.0 = Release|Any CPU
		{46D147E2-033D-4BB1-96CA-065730BF781E}.Ad-Hoc|x64.Deploy.0 = Release|Any CPU
		{46D147E2-033D-4BB1-96CA-065730BF781E}.Ad-Hoc|x86.ActiveCfg = Release|Any CPU
		{46D147E2-033D-4BB1-96CA-065730BF781E}.Ad-Hoc|x86.Build.0 = Release|Any CPU
		{46D147E2-033D-4BB1-96CA-065730BF781E}.Ad-Hoc|x86.Deploy.0 = Release|Any CPU
		{46D147E2-033D-4BB1-96CA-065730BF781E}.AppStore|Any CPU.ActiveCfg = Release|Any CPU
		{46D147E2-033D-4BB1-96CA-065730BF781E}.AppStore|Any CPU.Build.0 = Release|Any CPU
		{46D147E2-033D-4BB1-96CA-065730BF781E}.AppStore|Any CPU.Deploy.0 = Release|Any CPU
		{46D147E2-033D-4BB1-96CA-065730BF781E}.AppStore|ARM.ActiveCfg = Release|Any CPU
		{46D147E2-033D-4BB1-96CA-065730BF781E}.AppStore|ARM.Build.0 = Release|Any CPU
		{46D147E2-033D-4BB1-96CA-065730BF781E}.AppStore|ARM.Deploy.0 = Release|Any CPU
		{46D147E2-033D-4BB1-96CA-065730BF781E}.AppStore|iPhone.ActiveCfg = Release|Any CPU
		{46D147E2-033D-4BB1-96CA-065730BF781E}.AppStore|iPhone.Build.0 = Release|Any CPU
		{46D147E2-033D-4BB1-96CA-065730BF781E}.AppStore|iPhone.Deploy.0 = Release|Any CPU
		{46D147E2-033D-4BB1-96CA-065730BF781E}.AppStore|iPhoneSimulator.ActiveCfg = Release|Any CPU
		{46D147E2-033D-4BB1-96CA-065730BF781E}.AppStore|iPhoneSimulator.Build.0 = Release|Any CPU
		{46D147E2-033D-4BB1-96CA-065730BF781E}.AppStore|iPhoneSimulator.Deploy.0 = Release|Any CPU
		{46D147E2-033D-4BB1-96CA-065730BF781E}.AppStore|x64.ActiveCfg = Release|Any CPU
		{46D147E2-033D-4BB1-96CA-065730BF781E}.AppStore|x64.Build.0 = Release|Any CPU
		{46D147E2-033D-4BB1-96CA-065730BF781E}.AppStore|x64.Deploy.0 = Release|Any CPU
		{46D147E2-033D-4BB1-96CA-065730BF781E}.AppStore|x86.ActiveCfg = Release|Any CPU
		{46D147E2-033D-4BB1-96CA-065730BF781E}.AppStore|x86.Build.0 = Release|Any CPU
		{46D147E2-033D-4BB1-96CA-065730BF781E}.AppStore|x86.Deploy.0 = Release|Any CPU
		{46D147E2-033D-4BB1-96CA-065730BF781E}.Debug|Any CPU.ActiveCfg = Debug|Any CPU
		{46D147E2-033D-4BB1-96CA-065730BF781E}.Debug|Any CPU.Build.0 = Debug|Any CPU
		{46D147E2-033D-4BB1-96CA-065730BF781E}.Debug|Any CPU.Deploy.0 = Debug|Any CPU
		{46D147E2-033D-4BB1-96CA-065730BF781E}.Debug|ARM.ActiveCfg = Debug|Any CPU
		{46D147E2-033D-4BB1-96CA-065730BF781E}.Debug|ARM.Build.0 = Debug|Any CPU
		{46D147E2-033D-4BB1-96CA-065730BF781E}.Debug|ARM.Deploy.0 = Debug|Any CPU
		{46D147E2-033D-4BB1-96CA-065730BF781E}.Debug|iPhone.ActiveCfg = Debug|Any CPU
		{46D147E2-033D-4BB1-96CA-065730BF781E}.Debug|iPhone.Build.0 = Debug|Any CPU
		{46D147E2-033D-4BB1-96CA-065730BF781E}.Debug|iPhone.Deploy.0 = Debug|Any CPU
		{46D147E2-033D-4BB1-96CA-065730BF781E}.Debug|iPhoneSimulator.ActiveCfg = Debug|Any CPU
		{46D147E2-033D-4BB1-96CA-065730BF781E}.Debug|iPhoneSimulator.Build.0 = Debug|Any CPU
		{46D147E2-033D-4BB1-96CA-065730BF781E}.Debug|iPhoneSimulator.Deploy.0 = Debug|Any CPU
		{46D147E2-033D-4BB1-96CA-065730BF781E}.Debug|x64.ActiveCfg = Debug|Any CPU
		{46D147E2-033D-4BB1-96CA-065730BF781E}.Debug|x64.Build.0 = Debug|Any CPU
		{46D147E2-033D-4BB1-96CA-065730BF781E}.Debug|x64.Deploy.0 = Debug|Any CPU
		{46D147E2-033D-4BB1-96CA-065730BF781E}.Debug|x86.ActiveCfg = Debug|Any CPU
		{46D147E2-033D-4BB1-96CA-065730BF781E}.Debug|x86.Build.0 = Debug|Any CPU
		{46D147E2-033D-4BB1-96CA-065730BF781E}.Debug|x86.Deploy.0 = Debug|Any CPU
		{46D147E2-033D-4BB1-96CA-065730BF781E}.Release|Any CPU.ActiveCfg = Release|Any CPU
		{46D147E2-033D-4BB1-96CA-065730BF781E}.Release|Any CPU.Build.0 = Release|Any CPU
		{46D147E2-033D-4BB1-96CA-065730BF781E}.Release|Any CPU.Deploy.0 = Release|Any CPU
		{46D147E2-033D-4BB1-96CA-065730BF781E}.Release|ARM.ActiveCfg = Release|Any CPU
		{46D147E2-033D-4BB1-96CA-065730BF781E}.Release|ARM.Build.0 = Release|Any CPU
		{46D147E2-033D-4BB1-96CA-065730BF781E}.Release|ARM.Deploy.0 = Release|Any CPU
		{46D147E2-033D-4BB1-96CA-065730BF781E}.Release|iPhone.ActiveCfg = Release|Any CPU
		{46D147E2-033D-4BB1-96CA-065730BF781E}.Release|iPhone.Build.0 = Release|Any CPU
		{46D147E2-033D-4BB1-96CA-065730BF781E}.Release|iPhone.Deploy.0 = Release|Any CPU
		{46D147E2-033D-4BB1-96CA-065730BF781E}.Release|iPhoneSimulator.ActiveCfg = Release|Any CPU
		{46D147E2-033D-4BB1-96CA-065730BF781E}.Release|iPhoneSimulator.Build.0 = Release|Any CPU
		{46D147E2-033D-4BB1-96CA-065730BF781E}.Release|iPhoneSimulator.Deploy.0 = Release|Any CPU
		{46D147E2-033D-4BB1-96CA-065730BF781E}.Release|x64.ActiveCfg = Release|Any CPU
		{46D147E2-033D-4BB1-96CA-065730BF781E}.Release|x64.Build.0 = Release|Any CPU
		{46D147E2-033D-4BB1-96CA-065730BF781E}.Release|x64.Deploy.0 = Release|Any CPU
		{46D147E2-033D-4BB1-96CA-065730BF781E}.Release|x86.ActiveCfg = Release|Any CPU
		{46D147E2-033D-4BB1-96CA-065730BF781E}.Release|x86.Build.0 = Release|Any CPU
		{46D147E2-033D-4BB1-96CA-065730BF781E}.Release|x86.Deploy.0 = Release|Any CPU
		{BD3A2ACC-6E1E-4622-9669-C91A918880EA}.Ad-Hoc|Any CPU.ActiveCfg = Ad-Hoc|iPhone
		{BD3A2ACC-6E1E-4622-9669-C91A918880EA}.Ad-Hoc|Any CPU.Build.0 = Ad-Hoc|iPhone
		{BD3A2ACC-6E1E-4622-9669-C91A918880EA}.Ad-Hoc|Any CPU.Deploy.0 = Ad-Hoc|iPhone
		{BD3A2ACC-6E1E-4622-9669-C91A918880EA}.Ad-Hoc|ARM.ActiveCfg = Ad-Hoc|iPhone
		{BD3A2ACC-6E1E-4622-9669-C91A918880EA}.Ad-Hoc|ARM.Build.0 = Ad-Hoc|iPhone
		{BD3A2ACC-6E1E-4622-9669-C91A918880EA}.Ad-Hoc|ARM.Deploy.0 = Ad-Hoc|iPhone
		{BD3A2ACC-6E1E-4622-9669-C91A918880EA}.Ad-Hoc|iPhone.ActiveCfg = Ad-Hoc|iPhone
		{BD3A2ACC-6E1E-4622-9669-C91A918880EA}.Ad-Hoc|iPhone.Build.0 = Ad-Hoc|iPhone
		{BD3A2ACC-6E1E-4622-9669-C91A918880EA}.Ad-Hoc|iPhone.Deploy.0 = Ad-Hoc|iPhone
		{BD3A2ACC-6E1E-4622-9669-C91A918880EA}.Ad-Hoc|iPhoneSimulator.ActiveCfg = Ad-Hoc|iPhoneSimulator
		{BD3A2ACC-6E1E-4622-9669-C91A918880EA}.Ad-Hoc|iPhoneSimulator.Build.0 = Ad-Hoc|iPhoneSimulator
		{BD3A2ACC-6E1E-4622-9669-C91A918880EA}.Ad-Hoc|iPhoneSimulator.Deploy.0 = Ad-Hoc|iPhoneSimulator
		{BD3A2ACC-6E1E-4622-9669-C91A918880EA}.Ad-Hoc|x64.ActiveCfg = Ad-Hoc|iPhone
		{BD3A2ACC-6E1E-4622-9669-C91A918880EA}.Ad-Hoc|x64.Build.0 = Ad-Hoc|iPhone
		{BD3A2ACC-6E1E-4622-9669-C91A918880EA}.Ad-Hoc|x64.Deploy.0 = Ad-Hoc|iPhone
		{BD3A2ACC-6E1E-4622-9669-C91A918880EA}.Ad-Hoc|x86.ActiveCfg = Ad-Hoc|iPhone
		{BD3A2ACC-6E1E-4622-9669-C91A918880EA}.Ad-Hoc|x86.Build.0 = Ad-Hoc|iPhone
		{BD3A2ACC-6E1E-4622-9669-C91A918880EA}.Ad-Hoc|x86.Deploy.0 = Ad-Hoc|iPhone
		{BD3A2ACC-6E1E-4622-9669-C91A918880EA}.AppStore|Any CPU.ActiveCfg = AppStore|iPhone
		{BD3A2ACC-6E1E-4622-9669-C91A918880EA}.AppStore|Any CPU.Build.0 = AppStore|iPhone
		{BD3A2ACC-6E1E-4622-9669-C91A918880EA}.AppStore|Any CPU.Deploy.0 = AppStore|iPhone
		{BD3A2ACC-6E1E-4622-9669-C91A918880EA}.AppStore|ARM.ActiveCfg = AppStore|iPhone
		{BD3A2ACC-6E1E-4622-9669-C91A918880EA}.AppStore|ARM.Build.0 = AppStore|iPhone
		{BD3A2ACC-6E1E-4622-9669-C91A918880EA}.AppStore|ARM.Deploy.0 = AppStore|iPhone
		{BD3A2ACC-6E1E-4622-9669-C91A918880EA}.AppStore|iPhone.ActiveCfg = AppStore|iPhone
		{BD3A2ACC-6E1E-4622-9669-C91A918880EA}.AppStore|iPhone.Build.0 = AppStore|iPhone
		{BD3A2ACC-6E1E-4622-9669-C91A918880EA}.AppStore|iPhone.Deploy.0 = AppStore|iPhone
		{BD3A2ACC-6E1E-4622-9669-C91A918880EA}.AppStore|iPhoneSimulator.ActiveCfg = AppStore|iPhoneSimulator
		{BD3A2ACC-6E1E-4622-9669-C91A918880EA}.AppStore|iPhoneSimulator.Build.0 = AppStore|iPhoneSimulator
		{BD3A2ACC-6E1E-4622-9669-C91A918880EA}.AppStore|iPhoneSimulator.Deploy.0 = AppStore|iPhoneSimulator
		{BD3A2ACC-6E1E-4622-9669-C91A918880EA}.AppStore|x64.ActiveCfg = AppStore|iPhone
		{BD3A2ACC-6E1E-4622-9669-C91A918880EA}.AppStore|x64.Build.0 = AppStore|iPhone
		{BD3A2ACC-6E1E-4622-9669-C91A918880EA}.AppStore|x64.Deploy.0 = AppStore|iPhone
		{BD3A2ACC-6E1E-4622-9669-C91A918880EA}.AppStore|x86.ActiveCfg = AppStore|iPhone
		{BD3A2ACC-6E1E-4622-9669-C91A918880EA}.AppStore|x86.Build.0 = AppStore|iPhone
		{BD3A2ACC-6E1E-4622-9669-C91A918880EA}.AppStore|x86.Deploy.0 = AppStore|iPhone
		{BD3A2ACC-6E1E-4622-9669-C91A918880EA}.Debug|Any CPU.ActiveCfg = Debug|iPhoneSimulator
		{BD3A2ACC-6E1E-4622-9669-C91A918880EA}.Debug|Any CPU.Build.0 = Debug|iPhoneSimulator
		{BD3A2ACC-6E1E-4622-9669-C91A918880EA}.Debug|Any CPU.Deploy.0 = Debug|iPhoneSimulator
		{BD3A2ACC-6E1E-4622-9669-C91A918880EA}.Debug|ARM.ActiveCfg = Debug|iPhone
		{BD3A2ACC-6E1E-4622-9669-C91A918880EA}.Debug|ARM.Build.0 = Debug|iPhone
		{BD3A2ACC-6E1E-4622-9669-C91A918880EA}.Debug|ARM.Deploy.0 = Debug|iPhone
		{BD3A2ACC-6E1E-4622-9669-C91A918880EA}.Debug|iPhone.ActiveCfg = Debug|iPhone
		{BD3A2ACC-6E1E-4622-9669-C91A918880EA}.Debug|iPhone.Build.0 = Debug|iPhone
		{BD3A2ACC-6E1E-4622-9669-C91A918880EA}.Debug|iPhone.Deploy.0 = Debug|iPhone
		{BD3A2ACC-6E1E-4622-9669-C91A918880EA}.Debug|iPhoneSimulator.ActiveCfg = Debug|iPhoneSimulator
		{BD3A2ACC-6E1E-4622-9669-C91A918880EA}.Debug|iPhoneSimulator.Build.0 = Debug|iPhoneSimulator
		{BD3A2ACC-6E1E-4622-9669-C91A918880EA}.Debug|iPhoneSimulator.Deploy.0 = Debug|iPhoneSimulator
		{BD3A2ACC-6E1E-4622-9669-C91A918880EA}.Debug|x64.ActiveCfg = Debug|iPhone
		{BD3A2ACC-6E1E-4622-9669-C91A918880EA}.Debug|x64.Build.0 = Debug|iPhone
		{BD3A2ACC-6E1E-4622-9669-C91A918880EA}.Debug|x64.Deploy.0 = Debug|iPhone
		{BD3A2ACC-6E1E-4622-9669-C91A918880EA}.Debug|x86.ActiveCfg = Debug|iPhone
		{BD3A2ACC-6E1E-4622-9669-C91A918880EA}.Debug|x86.Build.0 = Debug|iPhone
		{BD3A2ACC-6E1E-4622-9669-C91A918880EA}.Debug|x86.Deploy.0 = Debug|iPhone
		{BD3A2ACC-6E1E-4622-9669-C91A918880EA}.Release|Any CPU.ActiveCfg = Release|iPhone
		{BD3A2ACC-6E1E-4622-9669-C91A918880EA}.Release|Any CPU.Build.0 = Release|iPhone
		{BD3A2ACC-6E1E-4622-9669-C91A918880EA}.Release|Any CPU.Deploy.0 = Release|iPhone
		{BD3A2ACC-6E1E-4622-9669-C91A918880EA}.Release|ARM.ActiveCfg = Release|iPhone
		{BD3A2ACC-6E1E-4622-9669-C91A918880EA}.Release|ARM.Build.0 = Release|iPhone
		{BD3A2ACC-6E1E-4622-9669-C91A918880EA}.Release|ARM.Deploy.0 = Release|iPhone
		{BD3A2ACC-6E1E-4622-9669-C91A918880EA}.Release|iPhone.ActiveCfg = Release|iPhone
		{BD3A2ACC-6E1E-4622-9669-C91A918880EA}.Release|iPhone.Build.0 = Release|iPhone
		{BD3A2ACC-6E1E-4622-9669-C91A918880EA}.Release|iPhone.Deploy.0 = Release|iPhone
		{BD3A2ACC-6E1E-4622-9669-C91A918880EA}.Release|iPhoneSimulator.ActiveCfg = Release|iPhoneSimulator
		{BD3A2ACC-6E1E-4622-9669-C91A918880EA}.Release|iPhoneSimulator.Build.0 = Release|iPhoneSimulator
		{BD3A2ACC-6E1E-4622-9669-C91A918880EA}.Release|iPhoneSimulator.Deploy.0 = Release|iPhoneSimulator
		{BD3A2ACC-6E1E-4622-9669-C91A918880EA}.Release|x64.ActiveCfg = Release|iPhone
		{BD3A2ACC-6E1E-4622-9669-C91A918880EA}.Release|x64.Build.0 = Release|iPhone
		{BD3A2ACC-6E1E-4622-9669-C91A918880EA}.Release|x64.Deploy.0 = Release|iPhone
		{BD3A2ACC-6E1E-4622-9669-C91A918880EA}.Release|x86.ActiveCfg = Release|iPhone
		{BD3A2ACC-6E1E-4622-9669-C91A918880EA}.Release|x86.Build.0 = Release|iPhone
		{BD3A2ACC-6E1E-4622-9669-C91A918880EA}.Release|x86.Deploy.0 = Release|iPhone
		{1F5E5B87-C553-4935-9675-D6F93AA927B4}.Ad-Hoc|Any CPU.ActiveCfg = Release|x86
		{1F5E5B87-C553-4935-9675-D6F93AA927B4}.Ad-Hoc|Any CPU.Build.0 = Release|x86
		{1F5E5B87-C553-4935-9675-D6F93AA927B4}.Ad-Hoc|Any CPU.Deploy.0 = Release|x86
		{1F5E5B87-C553-4935-9675-D6F93AA927B4}.Ad-Hoc|ARM.ActiveCfg = Release|ARM
		{1F5E5B87-C553-4935-9675-D6F93AA927B4}.Ad-Hoc|ARM.Build.0 = Release|ARM
		{1F5E5B87-C553-4935-9675-D6F93AA927B4}.Ad-Hoc|ARM.Deploy.0 = Release|ARM
		{1F5E5B87-C553-4935-9675-D6F93AA927B4}.Ad-Hoc|iPhone.ActiveCfg = Release|x86
		{1F5E5B87-C553-4935-9675-D6F93AA927B4}.Ad-Hoc|iPhone.Build.0 = Release|x86
		{1F5E5B87-C553-4935-9675-D6F93AA927B4}.Ad-Hoc|iPhone.Deploy.0 = Release|x86
		{1F5E5B87-C553-4935-9675-D6F93AA927B4}.Ad-Hoc|iPhoneSimulator.ActiveCfg = Release|x86
		{1F5E5B87-C553-4935-9675-D6F93AA927B4}.Ad-Hoc|iPhoneSimulator.Build.0 = Release|x86
		{1F5E5B87-C553-4935-9675-D6F93AA927B4}.Ad-Hoc|iPhoneSimulator.Deploy.0 = Release|x86
		{1F5E5B87-C553-4935-9675-D6F93AA927B4}.Ad-Hoc|x64.ActiveCfg = Release|x64
		{1F5E5B87-C553-4935-9675-D6F93AA927B4}.Ad-Hoc|x64.Build.0 = Release|x64
		{1F5E5B87-C553-4935-9675-D6F93AA927B4}.Ad-Hoc|x64.Deploy.0 = Release|x64
		{1F5E5B87-C553-4935-9675-D6F93AA927B4}.Ad-Hoc|x86.ActiveCfg = Release|x86
		{1F5E5B87-C553-4935-9675-D6F93AA927B4}.Ad-Hoc|x86.Build.0 = Release|x86
		{1F5E5B87-C553-4935-9675-D6F93AA927B4}.Ad-Hoc|x86.Deploy.0 = Release|x86
		{1F5E5B87-C553-4935-9675-D6F93AA927B4}.AppStore|Any CPU.ActiveCfg = Release|x86
		{1F5E5B87-C553-4935-9675-D6F93AA927B4}.AppStore|Any CPU.Build.0 = Release|x86
		{1F5E5B87-C553-4935-9675-D6F93AA927B4}.AppStore|Any CPU.Deploy.0 = Release|x86
		{1F5E5B87-C553-4935-9675-D6F93AA927B4}.AppStore|ARM.ActiveCfg = Release|ARM
		{1F5E5B87-C553-4935-9675-D6F93AA927B4}.AppStore|ARM.Build.0 = Release|ARM
		{1F5E5B87-C553-4935-9675-D6F93AA927B4}.AppStore|ARM.Deploy.0 = Release|ARM
		{1F5E5B87-C553-4935-9675-D6F93AA927B4}.AppStore|iPhone.ActiveCfg = Release|x86
		{1F5E5B87-C553-4935-9675-D6F93AA927B4}.AppStore|iPhone.Build.0 = Release|x86
		{1F5E5B87-C553-4935-9675-D6F93AA927B4}.AppStore|iPhone.Deploy.0 = Release|x86
		{1F5E5B87-C553-4935-9675-D6F93AA927B4}.AppStore|iPhoneSimulator.ActiveCfg = Release|x86
		{1F5E5B87-C553-4935-9675-D6F93AA927B4}.AppStore|iPhoneSimulator.Build.0 = Release|x86
		{1F5E5B87-C553-4935-9675-D6F93AA927B4}.AppStore|iPhoneSimulator.Deploy.0 = Release|x86
		{1F5E5B87-C553-4935-9675-D6F93AA927B4}.AppStore|x64.ActiveCfg = Release|x64
		{1F5E5B87-C553-4935-9675-D6F93AA927B4}.AppStore|x64.Build.0 = Release|x64
		{1F5E5B87-C553-4935-9675-D6F93AA927B4}.AppStore|x64.Deploy.0 = Release|x64
		{1F5E5B87-C553-4935-9675-D6F93AA927B4}.AppStore|x86.ActiveCfg = Release|x86
		{1F5E5B87-C553-4935-9675-D6F93AA927B4}.AppStore|x86.Build.0 = Release|x86
		{1F5E5B87-C553-4935-9675-D6F93AA927B4}.AppStore|x86.Deploy.0 = Release|x86
		{1F5E5B87-C553-4935-9675-D6F93AA927B4}.Debug|Any CPU.ActiveCfg = Debug|x86
		{1F5E5B87-C553-4935-9675-D6F93AA927B4}.Debug|Any CPU.Build.0 = Debug|x86
		{1F5E5B87-C553-4935-9675-D6F93AA927B4}.Debug|Any CPU.Deploy.0 = Debug|x86
		{1F5E5B87-C553-4935-9675-D6F93AA927B4}.Debug|ARM.ActiveCfg = Debug|ARM
		{1F5E5B87-C553-4935-9675-D6F93AA927B4}.Debug|ARM.Build.0 = Debug|ARM
		{1F5E5B87-C553-4935-9675-D6F93AA927B4}.Debug|ARM.Deploy.0 = Debug|ARM
		{1F5E5B87-C553-4935-9675-D6F93AA927B4}.Debug|iPhone.ActiveCfg = Debug|x86
		{1F5E5B87-C553-4935-9675-D6F93AA927B4}.Debug|iPhone.Build.0 = Debug|x86
		{1F5E5B87-C553-4935-9675-D6F93AA927B4}.Debug|iPhone.Deploy.0 = Debug|x86
		{1F5E5B87-C553-4935-9675-D6F93AA927B4}.Debug|iPhoneSimulator.ActiveCfg = Debug|x86
		{1F5E5B87-C553-4935-9675-D6F93AA927B4}.Debug|iPhoneSimulator.Build.0 = Debug|x86
		{1F5E5B87-C553-4935-9675-D6F93AA927B4}.Debug|iPhoneSimulator.Deploy.0 = Debug|x86
		{1F5E5B87-C553-4935-9675-D6F93AA927B4}.Debug|x64.ActiveCfg = Debug|x64
		{1F5E5B87-C553-4935-9675-D6F93AA927B4}.Debug|x64.Build.0 = Debug|x64
		{1F5E5B87-C553-4935-9675-D6F93AA927B4}.Debug|x64.Deploy.0 = Debug|x64
		{1F5E5B87-C553-4935-9675-D6F93AA927B4}.Debug|x86.ActiveCfg = Debug|x86
		{1F5E5B87-C553-4935-9675-D6F93AA927B4}.Debug|x86.Build.0 = Debug|x86
		{1F5E5B87-C553-4935-9675-D6F93AA927B4}.Debug|x86.Deploy.0 = Debug|x86
		{1F5E5B87-C553-4935-9675-D6F93AA927B4}.Release|Any CPU.ActiveCfg = Release|x86
		{1F5E5B87-C553-4935-9675-D6F93AA927B4}.Release|Any CPU.Build.0 = Release|x86
		{1F5E5B87-C553-4935-9675-D6F93AA927B4}.Release|Any CPU.Deploy.0 = Release|x86
		{1F5E5B87-C553-4935-9675-D6F93AA927B4}.Release|ARM.ActiveCfg = Release|ARM
		{1F5E5B87-C553-4935-9675-D6F93AA927B4}.Release|ARM.Build.0 = Release|ARM
		{1F5E5B87-C553-4935-9675-D6F93AA927B4}.Release|ARM.Deploy.0 = Release|ARM
		{1F5E5B87-C553-4935-9675-D6F93AA927B4}.Release|iPhone.ActiveCfg = Release|x86
		{1F5E5B87-C553-4935-9675-D6F93AA927B4}.Release|iPhone.Build.0 = Release|x86
		{1F5E5B87-C553-4935-9675-D6F93AA927B4}.Release|iPhone.Deploy.0 = Release|x86
		{1F5E5B87-C553-4935-9675-D6F93AA927B4}.Release|iPhoneSimulator.ActiveCfg = Release|x86
		{1F5E5B87-C553-4935-9675-D6F93AA927B4}.Release|iPhoneSimulator.Build.0 = Release|x86
		{1F5E5B87-C553-4935-9675-D6F93AA927B4}.Release|iPhoneSimulator.Deploy.0 = Release|x86
		{1F5E5B87-C553-4935-9675-D6F93AA927B4}.Release|x64.ActiveCfg = Release|x64
		{1F5E5B87-C553-4935-9675-D6F93AA927B4}.Release|x64.Build.0 = Release|x64
		{1F5E5B87-C553-4935-9675-D6F93AA927B4}.Release|x64.Deploy.0 = Release|x64
		{1F5E5B87-C553-4935-9675-D6F93AA927B4}.Release|x86.ActiveCfg = Release|x86
		{1F5E5B87-C553-4935-9675-D6F93AA927B4}.Release|x86.Build.0 = Release|x86
		{1F5E5B87-C553-4935-9675-D6F93AA927B4}.Release|x86.Deploy.0 = Release|x86
		{A3E5854F-4CFB-4919-A059-937595DA66A5}.Ad-Hoc|Any CPU.ActiveCfg = Debug|Any CPU
		{A3E5854F-4CFB-4919-A059-937595DA66A5}.Ad-Hoc|Any CPU.Build.0 = Debug|Any CPU
		{A3E5854F-4CFB-4919-A059-937595DA66A5}.Ad-Hoc|Any CPU.Deploy.0 = Debug|Any CPU
		{A3E5854F-4CFB-4919-A059-937595DA66A5}.Ad-Hoc|ARM.ActiveCfg = Debug|Any CPU
		{A3E5854F-4CFB-4919-A059-937595DA66A5}.Ad-Hoc|ARM.Build.0 = Debug|Any CPU
		{A3E5854F-4CFB-4919-A059-937595DA66A5}.Ad-Hoc|ARM.Deploy.0 = Debug|Any CPU
		{A3E5854F-4CFB-4919-A059-937595DA66A5}.Ad-Hoc|iPhone.ActiveCfg = Debug|Any CPU
		{A3E5854F-4CFB-4919-A059-937595DA66A5}.Ad-Hoc|iPhone.Build.0 = Debug|Any CPU
		{A3E5854F-4CFB-4919-A059-937595DA66A5}.Ad-Hoc|iPhone.Deploy.0 = Debug|Any CPU
		{A3E5854F-4CFB-4919-A059-937595DA66A5}.Ad-Hoc|iPhoneSimulator.ActiveCfg = Debug|Any CPU
		{A3E5854F-4CFB-4919-A059-937595DA66A5}.Ad-Hoc|iPhoneSimulator.Build.0 = Debug|Any CPU
		{A3E5854F-4CFB-4919-A059-937595DA66A5}.Ad-Hoc|iPhoneSimulator.Deploy.0 = Debug|Any CPU
		{A3E5854F-4CFB-4919-A059-937595DA66A5}.Ad-Hoc|x64.ActiveCfg = Debug|Any CPU
		{A3E5854F-4CFB-4919-A059-937595DA66A5}.Ad-Hoc|x64.Build.0 = Debug|Any CPU
		{A3E5854F-4CFB-4919-A059-937595DA66A5}.Ad-Hoc|x64.Deploy.0 = Debug|Any CPU
		{A3E5854F-4CFB-4919-A059-937595DA66A5}.Ad-Hoc|x86.ActiveCfg = Debug|Any CPU
		{A3E5854F-4CFB-4919-A059-937595DA66A5}.Ad-Hoc|x86.Build.0 = Debug|Any CPU
		{A3E5854F-4CFB-4919-A059-937595DA66A5}.Ad-Hoc|x86.Deploy.0 = Debug|Any CPU
		{A3E5854F-4CFB-4919-A059-937595DA66A5}.AppStore|Any CPU.ActiveCfg = Debug|Any CPU
		{A3E5854F-4CFB-4919-A059-937595DA66A5}.AppStore|Any CPU.Build.0 = Debug|Any CPU
		{A3E5854F-4CFB-4919-A059-937595DA66A5}.AppStore|Any CPU.Deploy.0 = Debug|Any CPU
		{A3E5854F-4CFB-4919-A059-937595DA66A5}.AppStore|ARM.ActiveCfg = Debug|Any CPU
		{A3E5854F-4CFB-4919-A059-937595DA66A5}.AppStore|ARM.Build.0 = Debug|Any CPU
		{A3E5854F-4CFB-4919-A059-937595DA66A5}.AppStore|ARM.Deploy.0 = Debug|Any CPU
		{A3E5854F-4CFB-4919-A059-937595DA66A5}.AppStore|iPhone.ActiveCfg = Debug|Any CPU
		{A3E5854F-4CFB-4919-A059-937595DA66A5}.AppStore|iPhone.Build.0 = Debug|Any CPU
		{A3E5854F-4CFB-4919-A059-937595DA66A5}.AppStore|iPhone.Deploy.0 = Debug|Any CPU
		{A3E5854F-4CFB-4919-A059-937595DA66A5}.AppStore|iPhoneSimulator.ActiveCfg = Debug|Any CPU
		{A3E5854F-4CFB-4919-A059-937595DA66A5}.AppStore|iPhoneSimulator.Build.0 = Debug|Any CPU
		{A3E5854F-4CFB-4919-A059-937595DA66A5}.AppStore|iPhoneSimulator.Deploy.0 = Debug|Any CPU
		{A3E5854F-4CFB-4919-A059-937595DA66A5}.AppStore|x64.ActiveCfg = Debug|Any CPU
		{A3E5854F-4CFB-4919-A059-937595DA66A5}.AppStore|x64.Build.0 = Debug|Any CPU
		{A3E5854F-4CFB-4919-A059-937595DA66A5}.AppStore|x64.Deploy.0 = Debug|Any CPU
		{A3E5854F-4CFB-4919-A059-937595DA66A5}.AppStore|x86.ActiveCfg = Debug|Any CPU
		{A3E5854F-4CFB-4919-A059-937595DA66A5}.AppStore|x86.Build.0 = Debug|Any CPU
		{A3E5854F-4CFB-4919-A059-937595DA66A5}.AppStore|x86.Deploy.0 = Debug|Any CPU
		{A3E5854F-4CFB-4919-A059-937595DA66A5}.Debug|Any CPU.ActiveCfg = Debug|Any CPU
		{A3E5854F-4CFB-4919-A059-937595DA66A5}.Debug|Any CPU.Build.0 = Debug|Any CPU
		{A3E5854F-4CFB-4919-A059-937595DA66A5}.Debug|Any CPU.Deploy.0 = Debug|Any CPU
		{A3E5854F-4CFB-4919-A059-937595DA66A5}.Debug|ARM.ActiveCfg = Debug|Any CPU
		{A3E5854F-4CFB-4919-A059-937595DA66A5}.Debug|ARM.Build.0 = Debug|Any CPU
		{A3E5854F-4CFB-4919-A059-937595DA66A5}.Debug|ARM.Deploy.0 = Debug|Any CPU
		{A3E5854F-4CFB-4919-A059-937595DA66A5}.Debug|iPhone.ActiveCfg = Debug|Any CPU
		{A3E5854F-4CFB-4919-A059-937595DA66A5}.Debug|iPhone.Build.0 = Debug|Any CPU
		{A3E5854F-4CFB-4919-A059-937595DA66A5}.Debug|iPhone.Deploy.0 = Debug|Any CPU
		{A3E5854F-4CFB-4919-A059-937595DA66A5}.Debug|iPhoneSimulator.ActiveCfg = Debug|Any CPU
		{A3E5854F-4CFB-4919-A059-937595DA66A5}.Debug|iPhoneSimulator.Build.0 = Debug|Any CPU
		{A3E5854F-4CFB-4919-A059-937595DA66A5}.Debug|iPhoneSimulator.Deploy.0 = Debug|Any CPU
		{A3E5854F-4CFB-4919-A059-937595DA66A5}.Debug|x64.ActiveCfg = Debug|Any CPU
		{A3E5854F-4CFB-4919-A059-937595DA66A5}.Debug|x64.Build.0 = Debug|Any CPU
		{A3E5854F-4CFB-4919-A059-937595DA66A5}.Debug|x64.Deploy.0 = Debug|Any CPU
		{A3E5854F-4CFB-4919-A059-937595DA66A5}.Debug|x86.ActiveCfg = Debug|Any CPU
		{A3E5854F-4CFB-4919-A059-937595DA66A5}.Debug|x86.Build.0 = Debug|Any CPU
		{A3E5854F-4CFB-4919-A059-937595DA66A5}.Debug|x86.Deploy.0 = Debug|Any CPU
		{A3E5854F-4CFB-4919-A059-937595DA66A5}.Release|Any CPU.ActiveCfg = Release|Any CPU
		{A3E5854F-4CFB-4919-A059-937595DA66A5}.Release|Any CPU.Build.0 = Release|Any CPU
		{A3E5854F-4CFB-4919-A059-937595DA66A5}.Release|Any CPU.Deploy.0 = Release|Any CPU
		{A3E5854F-4CFB-4919-A059-937595DA66A5}.Release|ARM.ActiveCfg = Release|Any CPU
		{A3E5854F-4CFB-4919-A059-937595DA66A5}.Release|ARM.Build.0 = Release|Any CPU
		{A3E5854F-4CFB-4919-A059-937595DA66A5}.Release|ARM.Deploy.0 = Release|Any CPU
		{A3E5854F-4CFB-4919-A059-937595DA66A5}.Release|iPhone.ActiveCfg = Release|Any CPU
		{A3E5854F-4CFB-4919-A059-937595DA66A5}.Release|iPhone.Build.0 = Release|Any CPU
		{A3E5854F-4CFB-4919-A059-937595DA66A5}.Release|iPhone.Deploy.0 = Release|Any CPU
		{A3E5854F-4CFB-4919-A059-937595DA66A5}.Release|iPhoneSimulator.ActiveCfg = Release|Any CPU
		{A3E5854F-4CFB-4919-A059-937595DA66A5}.Release|iPhoneSimulator.Build.0 = Release|Any CPU
		{A3E5854F-4CFB-4919-A059-937595DA66A5}.Release|iPhoneSimulator.Deploy.0 = Release|Any CPU
		{A3E5854F-4CFB-4919-A059-937595DA66A5}.Release|x64.ActiveCfg = Release|Any CPU
		{A3E5854F-4CFB-4919-A059-937595DA66A5}.Release|x64.Build.0 = Release|Any CPU
		{A3E5854F-4CFB-4919-A059-937595DA66A5}.Release|x64.Deploy.0 = Release|Any CPU
		{A3E5854F-4CFB-4919-A059-937595DA66A5}.Release|x86.ActiveCfg = Release|Any CPU
		{A3E5854F-4CFB-4919-A059-937595DA66A5}.Release|x86.Build.0 = Release|Any CPU
		{A3E5854F-4CFB-4919-A059-937595DA66A5}.Release|x86.Deploy.0 = Release|Any CPU
	EndGlobalSection
	GlobalSection(SolutionProperties) = preSolution
		HideSolutionNode = FALSE
	EndGlobalSection
	GlobalSection(ExtensibilityGlobals) = postSolution
		SolutionGuid = {DC35C22D-602C-464B-8A33-FDABFC7039AD}
	EndGlobalSection
EndGlobal
